
Microsoft Visual Studio Solution File, Format Version 12.00
# Visual Studio 15
VisualStudioVersion = 15.0.28306.52
MinimumVisualStudioVersion = 10.0.40219.1
Project("{FAE04EC0-301F-11D3-BF4B-00C04F79EFBC}") = "BlackJack", "BlackJack\BlackJack.csproj", "{051AFD5D-E87E-4813-80B8-43C01E38336E}"
EndProject
Global
	GlobalSection(SolutionConfigurationPlatforms) = preSolution
		Debug|Any CPU = Debug|Any CPU
		Release|Any CPU = Release|Any CPU
	EndGlobalSection
	GlobalSection(ProjectConfigurationPlatforms) = postSolution
		{051AFD5D-E87E-4813-80B8-43C01E38336E}.Debug|Any CPU.ActiveCfg = Debug|Any CPU
		{051AFD5D-E87E-4813-80B8-43C01E38336E}.Debug|Any CPU.Build.0 = Debug|Any CPU
		{051AFD5D-E87E-4813-80B8-43C01E38336E}.Release|Any CPU.ActiveCfg = Release|Any CPU
		{051AFD5D-E87E-4813-80B8-43C01E38336E}.Release|Any CPU.Build.0 = Release|Any CPU
	EndGlobalSection
	GlobalSection(SolutionProperties) = preSolution
		HideSolutionNode = FALSE
	EndGlobalSection
	GlobalSection(ExtensibilityGlobals) = postSolution
		SolutionGuid = {2D29AC90-538C-41F5-83B5-D0BAF7A1E1C8}
	EndGlobalSection
EndGlobal
